
Microsoft Visual Studio Solution File, Format Version 12.00
# Visual Studio 15
VisualStudioVersion = 15.0.26228.4
MinimumVisualStudioVersion = 10.0.40219.1
Project("{FAE04EC0-301F-11D3-BF4B-00C04F79EFBC}") = "MissingBooksScheduler", "MissingBooksScheduler\MissingBooksScheduler.csproj", "{EAC599EB-637F-4312-BDCE-1ADE05D09F70}"
EndProject
Global
	GlobalSection(SolutionConfigurationPlatforms) = preSolution
		Debug|Any CPU = Debug|Any CPU
		Release|Any CPU = Release|Any CPU
	EndGlobalSection
	GlobalSection(ProjectConfigurationPlatforms) = postSolution
		{EAC599EB-637F-4312-BDCE-1ADE05D09F70}.Debug|Any CPU.ActiveCfg = Debug|Any CPU
		{EAC599EB-637F-4312-BDCE-1ADE05D09F70}.Debug|Any CPU.Build.0 = Debug|Any CPU
		{EAC599EB-637F-4312-BDCE-1ADE05D09F70}.Release|Any CPU.ActiveCfg = Release|Any CPU
		{EAC599EB-637F-4312-BDCE-1ADE05D09F70}.Release|Any CPU.Build.0 = Release|Any CPU
	EndGlobalSection
	GlobalSection(SolutionProperties) = preSolution
		HideSolutionNode = FALSE
	EndGlobalSection
EndGlobal
